
Microsoft Visual Studio Solution File, Format Version 12.00
# Visual Studio Version 16
VisualStudioVersion = 16.0.32602.291
MinimumVisualStudioVersion = 10.0.40219.1
Project("{9A19103F-16F7-4668-BE54-9A1E7A4F7556}") = "InstaMemaTesta", "InstaMemaTesta\InstaMemaTesta.csproj", "{A3660478-FD1F-48F5-8658-E55DCB64BA96}"
EndProject
Global
	GlobalSection(SolutionConfigurationPlatforms) = preSolution
		Debug|Any CPU = Debug|Any CPU
		Release|Any CPU = Release|Any CPU
	EndGlobalSection
	GlobalSection(ProjectConfigurationPlatforms) = postSolution
		{A3660478-FD1F-48F5-8658-E55DCB64BA96}.Debug|Any CPU.ActiveCfg = Debug|Any CPU
		{A3660478-FD1F-48F5-8658-E55DCB64BA96}.Debug|Any CPU.Build.0 = Debug|Any CPU
		{A3660478-FD1F-48F5-8658-E55DCB64BA96}.Release|Any CPU.ActiveCfg = Release|Any CPU
		{A3660478-FD1F-48F5-8658-E55DCB64BA96}.Release|Any CPU.Build.0 = Release|Any CPU
	EndGlobalSection
	GlobalSection(SolutionProperties) = preSolution
		HideSolutionNode = FALSE
	EndGlobalSection
	GlobalSection(ExtensibilityGlobals) = postSolution
		SolutionGuid = {5AED4C11-6A64-4C82-9598-7A8A17D38620}
	EndGlobalSection
EndGlobal
